// !$*UTF8*$!
{
	archiveVersion = 1;
	classes = {
	};
	objectVersion = 56;
	objects = {

/* Begin PBXBuildFile section */
		1791C2FA2D50A28A00DDE907 /* NewsSwiftUIApp.swift in Sources */ = {isa = PBXBuildFile; fileRef = 1791C2F92D50A28A00DDE907 /* NewsSwiftUIApp.swift */; };
		1791C2FE2D50A28E00DDE907 /* Assets.xcassets in Resources */ = {isa = PBXBuildFile; fileRef = 1791C2FD2D50A28E00DDE907 /* Assets.xcassets */; };
		1791C3012D50A28E00DDE907 /* Preview Assets.xcassets in Resources */ = {isa = PBXBuildFile; fileRef = 1791C3002D50A28E00DDE907 /* Preview Assets.xcassets */; };
		1791C3082D50A47D00DDE907 /* Article.swift in Sources */ = {isa = PBXBuildFile; fileRef = 1791C3072D50A47D00DDE907 /* Article.swift */; };
		1791C30A2D50A6BB00DDE907 /* NewsViewModel.swift in Sources */ = {isa = PBXBuildFile; fileRef = 1791C3092D50A6BB00DDE907 /* NewsViewModel.swift */; };
		1791C30D2D50AAB600DDE907 /* Alamofire in Frameworks */ = {isa = PBXBuildFile; productRef = 1791C30C2D50AAB600DDE907 /* Alamofire */; };
		1791C3162D50B89B00DDE907 /* MainView.swift in Sources */ = {isa = PBXBuildFile; fileRef = 1791C3152D50B89B00DDE907 /* MainView.swift */; };
		1791C3192D50BA1F00DDE907 /* WebService.swift in Sources */ = {isa = PBXBuildFile; fileRef = 1791C3182D50BA1F00DDE907 /* WebService.swift */; };
		1791C31C2D50D25500DDE907 /* ArticleCell.swift in Sources */ = {isa = PBXBuildFile; fileRef = 1791C31B2D50D25500DDE907 /* ArticleCell.swift */; };
		1791C31E2D50D37500DDE907 /* SafariView.swift in Sources */ = {isa = PBXBuildFile; fileRef = 1791C31D2D50D37500DDE907 /* SafariView.swift */; };
		1791C3272D50DDEC00DDE907 /* ApiKey.swift in Sources */ = {isa = PBXBuildFile; fileRef = 1791C3262D50DDEC00DDE907 /* ApiKey.swift */; };
/* End PBXBuildFile section */

/* Begin PBXCopyFilesBuildPhase section */
		1791C3112D50B0E000DDE907 /* Embed Frameworks */ = {
			isa = PBXCopyFilesBuildPhase;
			buildActionMask = 2147483647;
			dstPath = "";
			dstSubfolderSpec = 10;
			files = (
			);
			name = "Embed Frameworks";
			runOnlyForDeploymentPostprocessing = 0;
		};
/* End PBXCopyFilesBuildPhase section */

/* Begin PBXFileReference section */
		1791C2F62D50A28A00DDE907 /* NewsSwiftUI.app */ = {isa = PBXFileReference; explicitFileType = wrapper.application; includeInIndex = 0; path = NewsSwiftUI.app; sourceTree = BUILT_PRODUCTS_DIR; };
		1791C2F92D50A28A00DDE907 /* NewsSwiftUIApp.swift */ = {isa = PBXFileReference; lastKnownFileType = sourcecode.swift; path = NewsSwiftUIApp.swift; sourceTree = "<group>"; };
		1791C2FD2D50A28E00DDE907 /* Assets.xcassets */ = {isa = PBXFileReference; lastKnownFileType = folder.assetcatalog; path = Assets.xcassets; sourceTree = "<group>"; };
		1791C3002D50A28E00DDE907 /* Preview Assets.xcassets */ = {isa = PBXFileReference; lastKnownFileType = folder.assetcatalog; path = "Preview Assets.xcassets"; sourceTree = "<group>"; };
		1791C3072D50A47D00DDE907 /* Article.swift */ = {isa = PBXFileReference; lastKnownFileType = sourcecode.swift; path = Article.swift; sourceTree = "<group>"; };
		1791C3092D50A6BB00DDE907 /* NewsViewModel.swift */ = {isa = PBXFileReference; lastKnownFileType = sourcecode.swift; path = NewsViewModel.swift; sourceTree = "<group>"; };
		1791C3152D50B89B00DDE907 /* MainView.swift */ = {isa = PBXFileReference; lastKnownFileType = sourcecode.swift; path = MainView.swift; sourceTree = "<group>"; };
		1791C3182D50BA1F00DDE907 /* WebService.swift */ = {isa = PBXFileReference; lastKnownFileType = sourcecode.swift; path = WebService.swift; sourceTree = "<group>"; };
		1791C31B2D50D25500DDE907 /* ArticleCell.swift */ = {isa = PBXFileReference; lastKnownFileType = sourcecode.swift; path = ArticleCell.swift; sourceTree = "<group>"; };
		1791C31D2D50D37500DDE907 /* SafariView.swift */ = {isa = PBXFileReference; lastKnownFileType = sourcecode.swift; path = SafariView.swift; sourceTree = "<group>"; };
		1791C3262D50DDEC00DDE907 /* ApiKey.swift */ = {isa = PBXFileReference; lastKnownFileType = sourcecode.swift; path = ApiKey.swift; sourceTree = "<group>"; };
/* End PBXFileReference section */

/* Begin PBXFrameworksBuildPhase section */
		1791C2F32D50A28A00DDE907 /* Frameworks */ = {
			isa = PBXFrameworksBuildPhase;
			buildActionMask = 2147483647;
			files = (
				1791C30D2D50AAB600DDE907 /* Alamofire in Frameworks */,
			);
			runOnlyForDeploymentPostprocessing = 0;
		};
/* End PBXFrameworksBuildPhase section */

/* Begin PBXGroup section */
		1791C2ED2D50A28A00DDE907 = {
			isa = PBXGroup;
			children = (
				1791C2F82D50A28A00DDE907 /* NewsSwiftUI */,
				1791C2F72D50A28A00DDE907 /* Products */,
			);
			sourceTree = "<group>";
		};
		1791C2F72D50A28A00DDE907 /* Products */ = {
			isa = PBXGroup;
			children = (
				1791C2F62D50A28A00DDE907 /* NewsSwiftUI.app */,
			);
			name = Products;
			sourceTree = "<group>";
		};
		1791C2F82D50A28A00DDE907 /* NewsSwiftUI */ = {
			isa = PBXGroup;
			children = (
				1791C3172D50B9E300DDE907 /* Model */,
				1791C3142D50B84100DDE907 /* View */,
				1791C3132D50B83B00DDE907 /* ViewModel */,
				1791C3122D50B83300DDE907 /* Service */,
				1791C3252D50DDD100DDE907 /* ApiKey */,
				1791C2F92D50A28A00DDE907 /* NewsSwiftUIApp.swift */,
				1791C2FD2D50A28E00DDE907 /* Assets.xcassets */,
				1791C2FF2D50A28E00DDE907 /* Preview Content */,
			);
			path = NewsSwiftUI;
			sourceTree = "<group>";
		};
		1791C2FF2D50A28E00DDE907 /* Preview Content */ = {
			isa = PBXGroup;
			children = (
				1791C3002D50A28E00DDE907 /* Preview Assets.xcassets */,
			);
			path = "Preview Content";
			sourceTree = "<group>";
		};
		1791C3122D50B83300DDE907 /* Service */ = {
			isa = PBXGroup;
			children = (
				1791C3182D50BA1F00DDE907 /* WebService.swift */,
			);
			path = Service;
			sourceTree = "<group>";
		};
		1791C3132D50B83B00DDE907 /* ViewModel */ = {
			isa = PBXGroup;
			children = (
				1791C3092D50A6BB00DDE907 /* NewsViewModel.swift */,
			);
			path = ViewModel;
			sourceTree = "<group>";
		};
		1791C3142D50B84100DDE907 /* View */ = {
			isa = PBXGroup;
			children = (
				1791C31A2D50D24100DDE907 /* Cells */,
				1791C3152D50B89B00DDE907 /* MainView.swift */,
				1791C31D2D50D37500DDE907 /* SafariView.swift */,
			);
			path = View;
			sourceTree = "<group>";
		};
		1791C3172D50B9E300DDE907 /* Model */ = {
			isa = PBXGroup;
			children = (
				1791C3072D50A47D00DDE907 /* Article.swift */,
			);
			path = Model;
			sourceTree = "<group>";
		};
		1791C31A2D50D24100DDE907 /* Cells */ = {
			isa = PBXGroup;
			children = (
				1791C31B2D50D25500DDE907 /* ArticleCell.swift */,
			);
			path = Cells;
			sourceTree = "<group>";
		};
		1791C3252D50DDD100DDE907 /* ApiKey */ = {
			isa = PBXGroup;
			children = (
				1791C3262D50DDEC00DDE907 /* ApiKey.swift */,
			);
			path = ApiKey;
			sourceTree = "<group>";
		};
/* End PBXGroup section */

/* Begin PBXNativeTarget section */
		1791C2F52D50A28A00DDE907 /* NewsSwiftUI */ = {
			isa = PBXNativeTarget;
			buildConfigurationList = 1791C3042D50A28E00DDE907 /* Build configuration list for PBXNativeTarget "NewsSwiftUI" */;
			buildPhases = (
				1791C2F22D50A28A00DDE907 /* Sources */,
				1791C2F32D50A28A00DDE907 /* Frameworks */,
				1791C2F42D50A28A00DDE907 /* Resources */,
				1791C3112D50B0E000DDE907 /* Embed Frameworks */,
			);
			buildRules = (
			);
			dependencies = (
			);
			name = NewsSwiftUI;
			packageProductDependencies = (
				1791C30C2D50AAB600DDE907 /* Alamofire */,
			);
			productName = NewsSwiftUI;
			productReference = 1791C2F62D50A28A00DDE907 /* NewsSwiftUI.app */;
			productType = "com.apple.product-type.application";
		};
/* End PBXNativeTarget section */

/* Begin PBXProject section */
		1791C2EE2D50A28A00DDE907 /* Project object */ = {
			isa = PBXProject;
			attributes = {
				BuildIndependentTargetsInParallel = 1;
				LastSwiftUpdateCheck = 1520;
				LastUpgradeCheck = 1520;
				TargetAttributes = {
					1791C2F52D50A28A00DDE907 = {
						CreatedOnToolsVersion = 15.2;
					};
				};
			};
			buildConfigurationList = 1791C2F12D50A28A00DDE907 /* Build configuration list for PBXProject "NewsSwiftUI" */;
			compatibilityVersion = "Xcode 14.0";
			developmentRegion = en;
			hasScannedForEncodings = 0;
			knownRegions = (
				en,
				Base,
			);
			mainGroup = 1791C2ED2D50A28A00DDE907;
			packageReferences = (
				1791C30B2D50AAB600DDE907 /* XCRemoteSwiftPackageReference "Alamofire" */,
			);
			productRefGroup = 1791C2F72D50A28A00DDE907 /* Products */;
			projectDirPath = "";
			projectRoot = "";
			targets = (
				1791C2F52D50A28A00DDE907 /* NewsSwiftUI */,
			);
		};
/* End PBXProject section */

/* Begin PBXResourcesBuildPhase section */
		1791C2F42D50A28A00DDE907 /* Resources */ = {
			isa = PBXResourcesBuildPhase;
			buildActionMask = 2147483647;
			files = (
				1791C3012D50A28E00DDE907 /* Preview Assets.xcassets in Resources */,
				1791C2FE2D50A28E00DDE907 /* Assets.xcassets in Resources */,
			);
			runOnlyForDeploymentPostprocessing = 0;
		};
/* End PBXResourcesBuildPhase section */

/* Begin PBXSourcesBuildPhase section */
		1791C2F22D50A28A00DDE907 /* Sources */ = {
			isa = PBXSourcesBuildPhase;
			buildActionMask = 2147483647;
			files = (
				1791C2FA2D50A28A00DDE907 /* NewsSwiftUIApp.swift in Sources */,
				1791C3082D50A47D00DDE907 /* Article.swift in Sources */,
				1791C3272D50DDEC00DDE907 /* ApiKey.swift in Sources */,
				1791C31C2D50D25500DDE907 /* ArticleCell.swift in Sources */,
				1791C3162D50B89B00DDE907 /* MainView.swift in Sources */,
				1791C3192D50BA1F00DDE907 /* WebService.swift in Sources */,
				1791C30A2D50A6BB00DDE907 /* NewsViewModel.swift in Sources */,
				1791C31E2D50D37500DDE907 /* SafariView.swift in Sources */,
			);
			runOnlyForDeploymentPostprocessing = 0;
		};
/* End PBXSourcesBuildPhase section */

/* Begin XCBuildConfiguration section */
		1791C3022D50A28E00DDE907 /* Debug */ = {
			isa = XCBuildConfiguration;
			buildSettings = {
				ALWAYS_SEARCH_USER_PATHS = NO;
				ASSETCATALOG_COMPILER_GENERATE_SWIFT_ASSET_SYMBOL_EXTENSIONS = YES;
				CLANG_ANALYZER_NONNULL = YES;
				CLANG_ANALYZER_NUMBER_OBJECT_CONVERSION = YES_AGGRESSIVE;
				CLANG_CXX_LANGUAGE_STANDARD = "gnu++20";
				CLANG_ENABLE_MODULES = YES;
				CLANG_ENABLE_OBJC_ARC = YES;
				CLANG_ENABLE_OBJC_WEAK = YES;
				CLANG_WARN_BLOCK_CAPTURE_AUTORELEASING = YES;
				CLANG_WARN_BOOL_CONVERSION = YES;
				CLANG_WARN_COMMA = YES;
				CLANG_WARN_CONSTANT_CONVERSION = YES;
				CLANG_WARN_DEPRECATED_OBJC_IMPLEMENTATIONS = YES;
				CLANG_WARN_DIRECT_OBJC_ISA_USAGE = YES_ERROR;
				CLANG_WARN_DOCUMENTATION_COMMENTS = YES;
				CLANG_WARN_EMPTY_BODY = YES;
				CLANG_WARN_ENUM_CONVERSION = YES;
				CLANG_WARN_INFINITE_RECURSION = YES;
				CLANG_WARN_INT_CONVERSION = YES;
				CLANG_WARN_NON_LITERAL_NULL_CONVERSION = YES;
				CLANG_WARN_OBJC_IMPLICIT_RETAIN_SELF = YES;
				CLANG_WARN_OBJC_LITERAL_CONVERSION = YES;
				CLANG_WARN_OBJC_ROOT_CLASS = YES_ERROR;
				CLANG_WARN_QUOTED_INCLUDE_IN_FRAMEWORK_HEADER = YES;
				CLANG_WARN_RANGE_LOOP_ANALYSIS = YES;
				CLANG_WARN_STRICT_PROTOTYPES = YES;
				CLANG_WARN_SUSPICIOUS_MOVE = YES;
				CLANG_WARN_UNGUARDED_AVAILABILITY = YES_AGGRESSIVE;
				CLANG_WARN_UNREACHABLE_CODE = YES;
				CLANG_WARN__DUPLICATE_METHOD_MATCH = YES;
				COPY_PHASE_STRIP = NO;
				DEBUG_INFORMATION_FORMAT = dwarf;
				ENABLE_STRICT_OBJC_MSGSEND = YES;
				ENABLE_TESTABILITY = YES;
				ENABLE_USER_SCRIPT_SANDBOXING = YES;
				GCC_C_LANGUAGE_STANDARD = gnu17;
				GCC_DYNAMIC_NO_PIC = NO;
				GCC_NO_COMMON_BLOCKS = YES;
				GCC_OPTIMIZATION_LEVEL = 0;
				GCC_PREPROCESSOR_DEFINITIONS = (
					"DEBUG=1",
					"$(inherited)",
				);
				GCC_WARN_64_TO_32_BIT_CONVERSION = YES;
				GCC_WARN_ABOUT_RETURN_TYPE = YES_ERROR;
				GCC_WARN_UNDECLARED_SELECTOR = YES;
				GCC_WARN_UNINITIALIZED_AUTOS = YES_AGGRESSIVE;
				GCC_WARN_UNUSED_FUNCTION = YES;
				GCC_WARN_UNUSED_VARIABLE = YES;
				IPHONEOS_DEPLOYMENT_TARGET = 17.2;
				LOCALIZATION_PREFERS_STRING_CATALOGS = YES;
				MTL_ENABLE_DEBUG_INFO = INCLUDE_SOURCE;
				MTL_FAST_MATH = YES;
				ONLY_ACTIVE_ARCH = YES;
				SDKROOT = iphoneos;
				SWIFT_ACTIVE_COMPILATION_CONDITIONS = "DEBUG $(inherited)";
				SWIFT_OPTIMIZATION_LEVEL = "-Onone";
			};
			name = Debug;
		};
		1791C3032D50A28E00DDE907 /* Release */ = {
			isa = XCBuildConfiguration;
			buildSettings = {
				ALWAYS_SEARCH_USER_PATHS = NO;
				ASSETCATALOG_COMPILER_GENERATE_SWIFT_ASSET_SYMBOL_EXTENSIONS = YES;
				CLANG_ANALYZER_NONNULL = YES;
				CLANG_ANALYZER_NUMBER_OBJECT_CONVERSION = YES_AGGRESSIVE;
				CLANG_CXX_LANGUAGE_STANDARD = "gnu++20";
				CLANG_ENABLE_MODULES = YES;
				CLANG_ENABLE_OBJC_ARC = YES;
				CLANG_ENABLE_OBJC_WEAK = YES;
				CLANG_WARN_BLOCK_CAPTURE_AUTORELEASING = YES;
				CLANG_WARN_BOOL_CONVERSION = YES;
				CLANG_WARN_COMMA = YES;
				CLANG_WARN_CONSTANT_CONVERSION = YES;
				CLANG_WARN_DEPRECATED_OBJC_IMPLEMENTATIONS = YES;
				CLANG_WARN_DIRECT_OBJC_ISA_USAGE = YES_ERROR;
				CLANG_WARN_DOCUMENTATION_COMMENTS = YES;
				CLANG_WARN_EMPTY_BODY = YES;
				CLANG_WARN_ENUM_CONVERSION = YES;
				CLANG_WARN_INFINITE_RECURSION = YES;
				CLANG_WARN_INT_CONVERSION = YES;
				CLANG_WARN_NON_LITERAL_NULL_CONVERSION = YES;
				CLANG_WARN_OBJC_IMPLICIT_RETAIN_SELF = YES;
				CLANG_WARN_OBJC_LITERAL_CONVERSION = YES;
				CLANG_WARN_OBJC_ROOT_CLASS = YES_ERROR;
				CLANG_WARN_QUOTED_INCLUDE_IN_FRAMEWORK_HEADER = YES;
				CLANG_WARN_RANGE_LOOP_ANALYSIS = YES;
				CLANG_WARN_STRICT_PROTOTYPES = YES;
				CLANG_WARN_SUSPICIOUS_MOVE = YES;
				CLANG_WARN_UNGUARDED_AVAILABILITY = YES_AGGRESSIVE;
				CLANG_WARN_UNREACHABLE_CODE = YES;
				CLANG_WARN__DUPLICATE_METHOD_MATCH = YES;
				COPY_PHASE_STRIP = NO;
				DEBUG_INFORMATION_FORMAT = "dwarf-with-dsym";
				ENABLE_NS_ASSERTIONS = NO;
				ENABLE_STRICT_OBJC_MSGSEND = YES;
				ENABLE_USER_SCRIPT_SANDBOXING = YES;
				GCC_C_LANGUAGE_STANDARD = gnu17;
				GCC_NO_COMMON_BLOCKS = YES;
				GCC_WARN_64_TO_32_BIT_CONVERSION = YES;
				GCC_WARN_ABOUT_RETURN_TYPE = YES_ERROR;
				GCC_WARN_UNDECLARED_SELECTOR = YES;
				GCC_WARN_UNINITIALIZED_AUTOS = YES_AGGRESSIVE;
				GCC_WARN_UNUSED_FUNCTION = YES;
				GCC_WARN_UNUSED_VARIABLE = YES;
				IPHONEOS_DEPLOYMENT_TARGET = 17.2;
				LOCALIZATION_PREFERS_STRING_CATALOGS = YES;
				MTL_ENABLE_DEBUG_INFO = NO;
				MTL_FAST_MATH = YES;
				SDKROOT = iphoneos;
				SWIFT_COMPILATION_MODE = wholemodule;
				VALIDATE_PRODUCT = YES;
			};
			name = Release;
		};
		1791C3052D50A28E00DDE907 /* Debug */ = {
			isa = XCBuildConfiguration;
			buildSettings = {
				ASSETCATALOG_COMPILER_APPICON_NAME = AppIcon;
				ASSETCATALOG_COMPILER_GLOBAL_ACCENT_COLOR_NAME = AccentColor;
				CODE_SIGN_STYLE = Automatic;
				CURRENT_PROJECT_VERSION = 1;
				DEVELOPMENT_ASSET_PATHS = "\"NewsSwiftUI/Preview Content\"";
				DEVELOPMENT_TEAM = 6S3K55AD36;
				ENABLE_PREVIEWS = YES;
				GENERATE_INFOPLIST_FILE = YES;
				INFOPLIST_KEY_UIApplicationSceneManifest_Generation = YES;
				INFOPLIST_KEY_UIApplicationSupportsIndirectInputEvents = YES;
				INFOPLIST_KEY_UILaunchScreen_Generation = YES;
				INFOPLIST_KEY_UISupportedInterfaceOrientations = UIInterfaceOrientationPortrait;
				LD_RUNPATH_SEARCH_PATHS = (
					"$(inherited)",
					"@executable_path/Frameworks",
				);
				MARKETING_VERSION = 1.0;
				PRODUCT_BUNDLE_IDENTIFIER = com.rafetcanakay.NewsSwiftUI;
				PRODUCT_NAME = "$(TARGET_NAME)";
				SWIFT_EMIT_LOC_STRINGS = YES;
				SWIFT_VERSION = 5.0;
				TARGETED_DEVICE_FAMILY = "1,2";
			};
			name = Debug;
		};
		1791C3062D50A28E00DDE907 /* Release */ = {
			isa = XCBuildConfiguration;
			buildSettings = {
				ASSETCATALOG_COMPILER_APPICON_NAME = AppIcon;
				ASSETCATALOG_COMPILER_GLOBAL_ACCENT_COLOR_NAME = AccentColor;
				CODE_SIGN_STYLE = Automatic;
				CURRENT_PROJECT_VERSION = 1;
				DEVELOPMENT_ASSET_PATHS = "\"NewsSwiftUI/Preview Content\"";
				DEVELOPMENT_TEAM = 6S3K55AD36;
				ENABLE_PREVIEWS = YES;
				GENERATE_INFOPLIST_FILE = YES;
				INFOPLIST_KEY_UIApplicationSceneManifest_Generation = YES;
				INFOPLIST_KEY_UIApplicationSupportsIndirectInputEvents = YES;
				INFOPLIST_KEY_UILaunchScreen_Generation = YES;
				INFOPLIST_KEY_UISupportedInterfaceOrientations = UIInterfaceOrientationPortrait;
				LD_RUNPATH_SEARCH_PATHS = (
					"$(inherited)",
					"@executable_path/Frameworks",
				);
				MARKETING_VERSION = 1.0;
				PRODUCT_BUNDLE_IDENTIFIER = com.rafetcanakay.NewsSwiftUI;
				PRODUCT_NAME = "$(TARGET_NAME)";
				SWIFT_EMIT_LOC_STRINGS = YES;
				SWIFT_VERSION = 5.0;
				TARGETED_DEVICE_FAMILY = "1,2";
			};
			name = Release;
		};
/* End XCBuildConfiguration section */

/* Begin XCConfigurationList section */
		1791C2F12D50A28A00DDE907 /* Build configuration list for PBXProject "NewsSwiftUI" */ = {
			isa = XCConfigurationList;
			buildConfigurations = (
				1791C3022D50A28E00DDE907 /* Debug */,
				1791C3032D50A28E00DDE907 /* Release */,
			);
			defaultConfigurationIsVisible = 0;
			defaultConfigurationName = Release;
		};
		1791C3042D50A28E00DDE907 /* Build configuration list for PBXNativeTarget "NewsSwiftUI" */ = {
			isa = XCConfigurationList;
			buildConfigurations = (
				1791C3052D50A28E00DDE907 /* Debug */,
				1791C3062D50A28E00DDE907 /* Release */,
			);
			defaultConfigurationIsVisible = 0;
			defaultConfigurationName = Release;
		};
/* End XCConfigurationList section */

/* Begin XCRemoteSwiftPackageReference section */
		1791C30B2D50AAB600DDE907 /* XCRemoteSwiftPackageReference "Alamofire" */ = {
			isa = XCRemoteSwiftPackageReference;
			repositoryURL = "https://github.com/Alamofire/Alamofire.git";
			requirement = {
				kind = upToNextMajorVersion;
				minimumVersion = 5.10.2;
			};
		};
/* End XCRemoteSwiftPackageReference section */

/* Begin XCSwiftPackageProductDependency section */
		1791C30C2D50AAB600DDE907 /* Alamofire */ = {
			isa = XCSwiftPackageProductDependency;
			package = 1791C30B2D50AAB600DDE907 /* XCRemoteSwiftPackageReference "Alamofire" */;
			productName = Alamofire;
		};
/* End XCSwiftPackageProductDependency section */
	};
	rootObject = 1791C2EE2D50A28A00DDE907 /* Project object */;
}
